// !$*UTF8*$!
{
	archiveVersion = 1;
	classes = {
	};
	objectVersion = 46;
	objects = {

/* Begin PBXBuildFile section */
		0A5537EB1B3FE32900E8457B /* YiRefreshFooter.m in Sources */ = {isa = PBXBuildFile; fileRef = 0A5537E81B3FE32900E8457B /* YiRefreshFooter.m */; };
		0A5537EC1B3FE32900E8457B /* YiRefreshHeader.m in Sources */ = {isa = PBXBuildFile; fileRef = 0A5537EA1B3FE32900E8457B /* YiRefreshHeader.m */; };
		0A5538001B3FE33E00E8457B /* AppDelegate.m in Sources */ = {isa = PBXBuildFile; fileRef = 0A5537EF1B3FE33E00E8457B /* AppDelegate.m */; };
		0A5538011B3FE33E00E8457B /* LaunchScreen.xib in Resources */ = {isa = PBXBuildFile; fileRef = 0A5537F01B3FE33E00E8457B /* LaunchScreen.xib */; };
		0A5538021B3FE33E00E8457B /* Main.storyboard in Resources */ = {isa = PBXBuildFile; fileRef = 0A5537F21B3FE33E00E8457B /* Main.storyboard */; };
		0A5538031B3FE33E00E8457B /* CollectionViewController.m in Sources */ = {isa = PBXBuildFile; fileRef = 0A5537F51B3FE33E00E8457B /* CollectionViewController.m */; };
		0A5538041B3FE33E00E8457B /* Images.xcassets in Resources */ = {isa = PBXBuildFile; fileRef = 0A5537F71B3FE33E00E8457B /* Images.xcassets */; };
		0A5538061B3FE33E00E8457B /* main.m in Sources */ = {isa = PBXBuildFile; fileRef = 0A5537F91B3FE33E00E8457B /* main.m */; };
		0A5538071B3FE33E00E8457B /* TableViewController.m in Sources */ = {isa = PBXBuildFile; fileRef = 0A5537FB1B3FE33E00E8457B /* TableViewController.m */; };
		0A5538081B3FE33E00E8457B /* ViewController.m in Sources */ = {isa = PBXBuildFile; fileRef = 0A5537FD1B3FE33E00E8457B /* ViewController.m */; };
		0A5538091B3FE33E00E8457B /* WebViewController.m in Sources */ = {isa = PBXBuildFile; fileRef = 0A5537FF1B3FE33E00E8457B /* WebViewController.m */; };
		0AF5DCD01B4C209A00DC739D /* down@2x.png in Resources */ = {isa = PBXBuildFile; fileRef = 0AF5DCCF1B4C209A00DC739D /* down@2x.png */; };
		A15702321AA88D3D00AAC433 /* YiRefreshTests.m in Sources */ = {isa = PBXBuildFile; fileRef = A15702311AA88D3D00AAC433 /* YiRefreshTests.m */; };
/* End PBXBuildFile section */

/* Begin PBXContainerItemProxy section */
		A157022C1AA88D3D00AAC433 /* PBXContainerItemProxy */ = {
			isa = PBXContainerItemProxy;
			containerPortal = A157020A1AA88D3D00AAC433 /* Project object */;
			proxyType = 1;
			remoteGlobalIDString = A15702111AA88D3D00AAC433;
			remoteInfo = YiRefresh;
		};
/* End PBXContainerItemProxy section */

/* Begin PBXFileReference section */
		0A5537E71B3FE32900E8457B /* YiRefreshFooter.h */ = {isa = PBXFileReference; fileEncoding = 4; lastKnownFileType = sourcecode.c.h; path = YiRefreshFooter.h; sourceTree = "<group>"; };
		0A5537E81B3FE32900E8457B /* YiRefreshFooter.m */ = {isa = PBXFileReference; fileEncoding = 4; lastKnownFileType = sourcecode.c.objc; path = YiRefreshFooter.m; sourceTree = "<group>"; };
		0A5537E91B3FE32900E8457B /* YiRefreshHeader.h */ = {isa = PBXFileReference; fileEncoding = 4; lastKnownFileType = sourcecode.c.h; path = YiRefreshHeader.h; sourceTree = "<group>"; };
		0A5537EA1B3FE32900E8457B /* YiRefreshHeader.m */ = {isa = PBXFileReference; fileEncoding = 4; lastKnownFileType = sourcecode.c.objc; path = YiRefreshHeader.m; sourceTree = "<group>"; };
		0A5537EE1B3FE33E00E8457B /* AppDelegate.h */ = {isa = PBXFileReference; fileEncoding = 4; lastKnownFileType = sourcecode.c.h; path = AppDelegate.h; sourceTree = "<group>"; };
		0A5537EF1B3FE33E00E8457B /* AppDelegate.m */ = {isa = PBXFileReference; fileEncoding = 4; lastKnownFileType = sourcecode.c.objc; path = AppDelegate.m; sourceTree = "<group>"; };
		0A5537F11B3FE33E00E8457B /* Base */ = {isa = PBXFileReference; lastKnownFileType = file.xib; name = Base; path = Base.lproj/LaunchScreen.xib; sourceTree = "<group>"; };
		0A5537F31B3FE33E00E8457B /* Base */ = {isa = PBXFileReference; lastKnownFileType = file.storyboard; name = Base; path = Base.lproj/Main.storyboard; sourceTree = "<group>"; };
		0A5537F41B3FE33E00E8457B /* CollectionViewController.h */ = {isa = PBXFileReference; fileEncoding = 4; lastKnownFileType = sourcecode.c.h; path = CollectionViewController.h; sourceTree = "<group>"; };
		0A5537F51B3FE33E00E8457B /* CollectionViewController.m */ = {isa = PBXFileReference; fileEncoding = 4; lastKnownFileType = sourcecode.c.objc; path = CollectionViewController.m; sourceTree = "<group>"; };
		0A5537F61B3FE33E00E8457B /* Header.h */ = {isa = PBXFileReference; fileEncoding = 4; lastKnownFileType = sourcecode.c.h; path = Header.h; sourceTree = "<group>"; };
		0A5537F71B3FE33E00E8457B /* Images.xcassets */ = {isa = PBXFileReference; lastKnownFileType = folder.assetcatalog; path = Images.xcassets; sourceTree = "<group>"; };
		0A5537F81B3FE33E00E8457B /* Info.plist */ = {isa = PBXFileReference; fileEncoding = 4; lastKnownFileType = text.plist.xml; path = Info.plist; sourceTree = "<group>"; };
		0A5537F91B3FE33E00E8457B /* main.m */ = {isa = PBXFileReference; fileEncoding = 4; lastKnownFileType = sourcecode.c.objc; path = main.m; sourceTree = "<group>"; };
		0A5537FA1B3FE33E00E8457B /* TableViewController.h */ = {isa = PBXFileReference; fileEncoding = 4; lastKnownFileType = sourcecode.c.h; path = TableViewController.h; sourceTree = "<group>"; };
		0A5537FB1B3FE33E00E8457B /* TableViewController.m */ = {isa = PBXFileReference; fileEncoding = 4; lastKnownFileType = sourcecode.c.objc; path = TableViewController.m; sourceTree = "<group>"; };
		0A5537FC1B3FE33E00E8457B /* ViewController.h */ = {isa = PBXFileReference; fileEncoding = 4; lastKnownFileType = sourcecode.c.h; path = ViewController.h; sourceTree = "<group>"; };
		0A5537FD1B3FE33E00E8457B /* ViewController.m */ = {isa = PBXFileReference; fileEncoding = 4; lastKnownFileType = sourcecode.c.objc; path = ViewController.m; sourceTree = "<group>"; };
		0A5537FE1B3FE33E00E8457B /* WebViewController.h */ = {isa = PBXFileReference; fileEncoding = 4; lastKnownFileType = sourcecode.c.h; path = WebViewController.h; sourceTree = "<group>"; };
		0A5537FF1B3FE33E00E8457B /* WebViewController.m */ = {isa = PBXFileReference; fileEncoding = 4; lastKnownFileType = sourcecode.c.objc; path = WebViewController.m; sourceTree = "<group>"; };
		0AF5DCCF1B4C209A00DC739D /* down@2x.png */ = {isa = PBXFileReference; lastKnownFileType = image.png; path = "down@2x.png"; sourceTree = "<group>"; };
		A15702121AA88D3D00AAC433 /* YiRefresh.app */ = {isa = PBXFileReference; explicitFileType = wrapper.application; includeInIndex = 0; path = YiRefresh.app; sourceTree = BUILT_PRODUCTS_DIR; };
		A157022B1AA88D3D00AAC433 /* YiRefreshTests.xctest */ = {isa = PBXFileReference; explicitFileType = wrapper.cfbundle; includeInIndex = 0; path = YiRefreshTests.xctest; sourceTree = BUILT_PRODUCTS_DIR; };
		A15702301AA88D3D00AAC433 /* Info.plist */ = {isa = PBXFileReference; lastKnownFileType = text.plist.xml; path = Info.plist; sourceTree = "<group>"; };
		A15702311AA88D3D00AAC433 /* YiRefreshTests.m */ = {isa = PBXFileReference; lastKnownFileType = sourcecode.c.objc; path = YiRefreshTests.m; sourceTree = "<group>"; };
/* End PBXFileReference section */

/* Begin PBXFrameworksBuildPhase section */
		A157020F1AA88D3D00AAC433 /* Frameworks */ = {
			isa = PBXFrameworksBuildPhase;
			buildActionMask = 2147483647;
			files = (
			);
			runOnlyForDeploymentPostprocessing = 0;
		};
		A15702281AA88D3D00AAC433 /* Frameworks */ = {
			isa = PBXFrameworksBuildPhase;
			buildActionMask = 2147483647;
			files = (
			);
			runOnlyForDeploymentPostprocessing = 0;
		};
/* End PBXFrameworksBuildPhase section */

/* Begin PBXGroup section */
		0A5537ED1B3FE33E00E8457B /* YiRefreshDemo */ = {
			isa = PBXGroup;
			children = (
				0A5537FC1B3FE33E00E8457B /* ViewController.h */,
				0A5537FD1B3FE33E00E8457B /* ViewController.m */,
				0A5537F41B3FE33E00E8457B /* CollectionViewController.h */,
				0A5537F51B3FE33E00E8457B /* CollectionViewController.m */,
				0A5537FA1B3FE33E00E8457B /* TableViewController.h */,
				0A5537FB1B3FE33E00E8457B /* TableViewController.m */,
				0A5537FE1B3FE33E00E8457B /* WebViewController.h */,
				0A5537FF1B3FE33E00E8457B /* WebViewController.m */,
				0A5537EE1B3FE33E00E8457B /* AppDelegate.h */,
				0A5537EF1B3FE33E00E8457B /* AppDelegate.m */,
				0A5537F01B3FE33E00E8457B /* LaunchScreen.xib */,
				0A5537F71B3FE33E00E8457B /* Images.xcassets */,
				0A5537F21B3FE33E00E8457B /* Main.storyboard */,
				0A55380A1B3FE37F00E8457B /* Supporting Files */,
			);
			path = YiRefreshDemo;
			sourceTree = "<group>";
		};
		0A55380A1B3FE37F00E8457B /* Supporting Files */ = {
			isa = PBXGroup;
			children = (
				0A5537F61B3FE33E00E8457B /* Header.h */,
				0A5537F81B3FE33E00E8457B /* Info.plist */,
				0A5537F91B3FE33E00E8457B /* main.m */,
			);
			name = "Supporting Files";
			sourceTree = "<group>";
		};
		A15702091AA88D3D00AAC433 = {
			isa = PBXGroup;
			children = (
				A15702141AA88D3D00AAC433 /* YiRefresh */,
				0A5537ED1B3FE33E00E8457B /* YiRefreshDemo */,
				A157022E1AA88D3D00AAC433 /* YiRefreshTests */,
				A15702131AA88D3D00AAC433 /* Products */,
			);
			sourceTree = "<group>";
		};
		A15702131AA88D3D00AAC433 /* Products */ = {
			isa = PBXGroup;
			children = (
				A15702121AA88D3D00AAC433 /* YiRefresh.app */,
				A157022B1AA88D3D00AAC433 /* YiRefreshTests.xctest */,
			);
			name = Products;
			sourceTree = "<group>";
		};
		A15702141AA88D3D00AAC433 /* YiRefresh */ = {
			isa = PBXGroup;
			children = (
				0AF5DCCF1B4C209A00DC739D /* down@2x.png */,
				0A5537E91B3FE32900E8457B /* YiRefreshHeader.h */,
				0A5537EA1B3FE32900E8457B /* YiRefreshHeader.m */,
				0A5537E71B3FE32900E8457B /* YiRefreshFooter.h */,
				0A5537E81B3FE32900E8457B /* YiRefreshFooter.m */,
			);
			path = YiRefresh;
			sourceTree = "<group>";
		};
		A157022E1AA88D3D00AAC433 /* YiRefreshTests */ = {
			isa = PBXGroup;
			children = (
				A15702311AA88D3D00AAC433 /* YiRefreshTests.m */,
				A157022F1AA88D3D00AAC433 /* Supporting Files */,
			);
			path = YiRefreshTests;
			sourceTree = "<group>";
		};
		A157022F1AA88D3D00AAC433 /* Supporting Files */ = {
			isa = PBXGroup;
			children = (
				A15702301AA88D3D00AAC433 /* Info.plist */,
			);
			name = "Supporting Files";
			sourceTree = "<group>";
		};
/* End PBXGroup section */

/* Begin PBXNativeTarget section */
		A15702111AA88D3D00AAC433 /* YiRefresh */ = {
			isa = PBXNativeTarget;
			buildConfigurationList = A15702351AA88D3D00AAC433 /* Build configuration list for PBXNativeTarget "YiRefresh" */;
			buildPhases = (
				A157020E1AA88D3D00AAC433 /* Sources */,
				A157020F1AA88D3D00AAC433 /* Frameworks */,
				A15702101AA88D3D00AAC433 /* Resources */,
			);
			buildRules = (
			);
			dependencies = (
			);
			name = YiRefresh;
			productName = YiRefresh;
			productReference = A15702121AA88D3D00AAC433 /* YiRefresh.app */;
			productType = "com.apple.product-type.application";
		};
		A157022A1AA88D3D00AAC433 /* YiRefreshTests */ = {
			isa = PBXNativeTarget;
			buildConfigurationList = A15702381AA88D3D00AAC433 /* Build configuration list for PBXNativeTarget "YiRefreshTests" */;
			buildPhases = (
				A15702271AA88D3D00AAC433 /* Sources */,
				A15702281AA88D3D00AAC433 /* Frameworks */,
				A15702291AA88D3D00AAC433 /* Resources */,
			);
			buildRules = (
			);
			dependencies = (
				A157022D1AA88D3D00AAC433 /* PBXTargetDependency */,
			);
			name = YiRefreshTests;
			productName = YiRefreshTests;
			productReference = A157022B1AA88D3D00AAC433 /* YiRefreshTests.xctest */;
			productType = "com.apple.product-type.bundle.unit-test";
		};
/* End PBXNativeTarget section */

/* Begin PBXProject section */
		A157020A1AA88D3D00AAC433 /* Project object */ = {
			isa = PBXProject;
			attributes = {
				LastUpgradeCheck = 0610;
				ORGANIZATIONNAME = coderyi;
				TargetAttributes = {
					A15702111AA88D3D00AAC433 = {
						CreatedOnToolsVersion = 6.1.1;
					};
					A157022A1AA88D3D00AAC433 = {
						CreatedOnToolsVersion = 6.1.1;
						TestTargetID = A15702111AA88D3D00AAC433;
					};
				};
			};
			buildConfigurationList = A157020D1AA88D3D00AAC433 /* Build configuration list for PBXProject "YiRefresh" */;
			compatibilityVersion = "Xcode 3.2";
			developmentRegion = English;
			hasScannedForEncodings = 0;
			knownRegions = (
				English,
				en,
				Base,
			);
			mainGroup = A15702091AA88D3D00AAC433;
			productRefGroup = A15702131AA88D3D00AAC433 /* Products */;
			projectDirPath = "";
			projectRoot = "";
			targets = (
				A15702111AA88D3D00AAC433 /* YiRefresh */,
				A157022A1AA88D3D00AAC433 /* YiRefreshTests */,
			);
		};
/* End PBXProject section */

/* Begin PBXResourcesBuildPhase section */
		A15702101AA88D3D00AAC433 /* Resources */ = {
			isa = PBXResourcesBuildPhase;
			buildActionMask = 2147483647;
			files = (
				0A5538041B3FE33E00E8457B /* Images.xcassets in Resources */,
				0AF5DCD01B4C209A00DC739D /* down@2x.png in Resources */,
				0A5538011B3FE33E00E8457B /* LaunchScreen.xib in Resources */,
				0A5538021B3FE33E00E8457B /* Main.storyboard in Resources */,
			);
			runOnlyForDeploymentPostprocessing = 0;
		};
		A15702291AA88D3D00AAC433 /* Resources */ = {
			isa = PBXResourcesBuildPhase;
			buildActionMask = 2147483647;
			files = (
			);
			runOnlyForDeploymentPostprocessing = 0;
		};
/* End PBXResourcesBuildPhase section */

/* Begin PBXSourcesBuildPhase section */
		A157020E1AA88D3D00AAC433 /* Sources */ = {
			isa = PBXSourcesBuildPhase;
			buildActionMask = 2147483647;
			files = (
				0A5538081B3FE33E00E8457B /* ViewController.m in Sources */,
				0A5538061B3FE33E00E8457B /* main.m in Sources */,
				0A5538071B3FE33E00E8457B /* TableViewController.m in Sources */,
				0A5538091B3FE33E00E8457B /* WebViewController.m in Sources */,
				0A5538031B3FE33E00E8457B /* CollectionViewController.m in Sources */,
				0A5537EC1B3FE32900E8457B /* YiRefreshHeader.m in Sources */,
				0A5537EB1B3FE32900E8457B /* YiRefreshFooter.m in Sources */,
				0A5538001B3FE33E00E8457B /* AppDelegate.m in Sources */,
			);
			runOnlyForDeploymentPostprocessing = 0;
		};
		A15702271AA88D3D00AAC433 /* Sources */ = {
			isa = PBXSourcesBuildPhase;
			buildActionMask = 2147483647;
			files = (
				A15702321AA88D3D00AAC433 /* YiRefreshTests.m in Sources */,
			);
			runOnlyForDeploymentPostprocessing = 0;
		};
/* End PBXSourcesBuildPhase section */

/* Begin PBXTargetDependency section */
		A157022D1AA88D3D00AAC433 /* PBXTargetDependency */ = {
			isa = PBXTargetDependency;
			target = A15702111AA88D3D00AAC433 /* YiRefresh */;
			targetProxy = A157022C1AA88D3D00AAC433 /* PBXContainerItemProxy */;
		};
/* End PBXTargetDependency section */

/* Begin PBXVariantGroup section */
		0A5537F01B3FE33E00E8457B /* LaunchScreen.xib */ = {
			isa = PBXVariantGroup;
			children = (
				0A5537F11B3FE33E00E8457B /* Base */,
			);
			name = LaunchScreen.xib;
			sourceTree = "<group>";
		};
		0A5537F21B3FE33E00E8457B /* Main.storyboard */ = {
			isa = PBXVariantGroup;
			children = (
				0A5537F31B3FE33E00E8457B /* Base */,
			);
			name = Main.storyboard;
			sourceTree = "<group>";
		};
/* End PBXVariantGroup section */

/* Begin XCBuildConfiguration section */
		A15702331AA88D3D00AAC433 /* Debug */ = {
			isa = XCBuildConfiguration;
			buildSettings = {
				ALWAYS_SEARCH_USER_PATHS = NO;
				CLANG_CXX_LANGUAGE_STANDARD = "gnu++0x";
				CLANG_CXX_LIBRARY = "libc++";
				CLANG_ENABLE_MODULES = YES;
				CLANG_ENABLE_OBJC_ARC = YES;
				CLANG_WARN_BOOL_CONVERSION = YES;
				CLANG_WARN_CONSTANT_CONVERSION = YES;
				CLANG_WARN_DIRECT_OBJC_ISA_USAGE = YES_ERROR;
				CLANG_WARN_EMPTY_BODY = YES;
				CLANG_WARN_ENUM_CONVERSION = YES;
				CLANG_WARN_INT_CONVERSION = YES;
				CLANG_WARN_OBJC_ROOT_CLASS = YES_ERROR;
				CLANG_WARN_UNREACHABLE_CODE = YES;
				CLANG_WARN__DUPLICATE_METHOD_MATCH = YES;
				"CODE_SIGN_IDENTITY[sdk=iphoneos*]" = "iPhone Developer";
				COPY_PHASE_STRIP = NO;
				ENABLE_STRICT_OBJC_MSGSEND = YES;
				GCC_C_LANGUAGE_STANDARD = gnu99;
				GCC_DYNAMIC_NO_PIC = NO;
				GCC_OPTIMIZATION_LEVEL = 0;
				GCC_PREPROCESSOR_DEFINITIONS = (
					"DEBUG=1",
					"$(inherited)",
				);
				GCC_SYMBOLS_PRIVATE_EXTERN = NO;
				GCC_WARN_64_TO_32_BIT_CONVERSION = YES;
				GCC_WARN_ABOUT_RETURN_TYPE = YES_ERROR;
				GCC_WARN_UNDECLARED_SELECTOR = YES;
				GCC_WARN_UNINITIALIZED_AUTOS = YES_AGGRESSIVE;
				GCC_WARN_UNUSED_FUNCTION = YES;
				GCC_WARN_UNUSED_VARIABLE = YES;
				IPHONEOS_DEPLOYMENT_TARGET = 8.1;
				MTL_ENABLE_DEBUG_INFO = YES;
				ONLY_ACTIVE_ARCH = YES;
				SDKROOT = iphoneos;
			};
			name = Debug;
		};
		A15702341AA88D3D00AAC433 /* Release */ = {
			isa = XCBuildConfiguration;
			buildSettings = {
				ALWAYS_SEARCH_USER_PATHS = NO;
				CLANG_CXX_LANGUAGE_STANDARD = "gnu++0x";
				CLANG_CXX_LIBRARY = "libc++";
				CLANG_ENABLE_MODULES = YES;
				CLANG_ENABLE_OBJC_ARC = YES;
				CLANG_WARN_BOOL_CONVERSION = YES;
				CLANG_WARN_CONSTANT_CONVERSION = YES;
				CLANG_WARN_DIRECT_OBJC_ISA_USAGE = YES_ERROR;
				CLANG_WARN_EMPTY_BODY = YES;
				CLANG_WARN_ENUM_CONVERSION = YES;
				CLANG_WARN_INT_CONVERSION = YES;
				CLANG_WARN_OBJC_ROOT_CLASS = YES_ERROR;
				CLANG_WARN_UNREACHABLE_CODE = YES;
				CLANG_WARN__DUPLICATE_METHOD_MATCH = YES;
				"CODE_SIGN_IDENTITY[sdk=iphoneos*]" = "iPhone Developer";
				COPY_PHASE_STRIP = YES;
				ENABLE_NS_ASSERTIONS = NO;
				ENABLE_STRICT_OBJC_MSGSEND = YES;
				GCC_C_LANGUAGE_STANDARD = gnu99;
				GCC_WARN_64_TO_32_BIT_CONVERSION = YES;
				GCC_WARN_ABOUT_RETURN_TYPE = YES_ERROR;
				GCC_WARN_UNDECLARED_SELECTOR = YES;
				GCC_WARN_UNINITIALIZED_AUTOS = YES_AGGRESSIVE;
				GCC_WARN_UNUSED_FUNCTION = YES;
				GCC_WARN_UNUSED_VARIABLE = YES;
				IPHONEOS_DEPLOYMENT_TARGET = 8.1;
				MTL_ENABLE_DEBUG_INFO = NO;
				SDKROOT = iphoneos;
				VALIDATE_PRODUCT = YES;
			};
			name = Release;
		};
		A15702361AA88D3D00AAC433 /* Debug */ = {
			isa = XCBuildConfiguration;
			buildSettings = {
				ASSETCATALOG_COMPILER_APPICON_NAME = AppIcon;
				ASSETCATALOG_COMPILER_LAUNCHIMAGE_NAME = LaunchImage;
				GCC_PREFIX_HEADER = YiRefreshDemo/Header.h;
				INFOPLIST_FILE = YiRefreshDemo/Info.plist;
				IPHONEOS_DEPLOYMENT_TARGET = 7.0;
				LD_RUNPATH_SEARCH_PATHS = "$(inherited) @executable_path/Frameworks";
				PRODUCT_NAME = "$(TARGET_NAME)";
				TARGETED_DEVICE_FAMILY = "1,2";
			};
			name = Debug;
		};
		A15702371AA88D3D00AAC433 /* Release */ = {
			isa = XCBuildConfiguration;
			buildSettings = {
				ASSETCATALOG_COMPILER_APPICON_NAME = AppIcon;
				ASSETCATALOG_COMPILER_LAUNCHIMAGE_NAME = LaunchImage;
				GCC_PREFIX_HEADER = YiRefreshDemo/Header.h;
				INFOPLIST_FILE = YiRefreshDemo/Info.plist;
				IPHONEOS_DEPLOYMENT_TARGET = 7.0;
				LD_RUNPATH_SEARCH_PATHS = "$(inherited) @executable_path/Frameworks";
				PRODUCT_NAME = "$(TARGET_NAME)";
				TARGETED_DEVICE_FAMILY = "1,2";
			};
			name = Release;
		};
		A15702391AA88D3D00AAC433 /* Debug */ = {
			isa = XCBuildConfiguration;
			buildSettings = {
				BUNDLE_LOADER = "$(TEST_HOST)";
				FRAMEWORK_SEARCH_PATHS = (
					"$(SDKROOT)/Developer/Library/Frameworks",
					"$(inherited)",
				);
				GCC_PREPROCESSOR_DEFINITIONS = (
					"DEBUG=1",
					"$(inherited)",
				);
				INFOPLIST_FILE = YiRefreshTests/Info.plist;
				LD_RUNPATH_SEARCH_PATHS = "$(inherited) @executable_path/Frameworks @loader_path/Frameworks";
				PRODUCT_NAME = "$(TARGET_NAME)";
				TEST_HOST = "$(BUILT_PRODUCTS_DIR)/YiRefresh.app/YiRefresh";
			};
			name = Debug;
		};
		A157023A1AA88D3D00AAC433 /* Release */ = {
			isa = XCBuildConfiguration;
			buildSettings = {
				BUNDLE_LOADER = "$(TEST_HOST)";
				FRAMEWORK_SEARCH_PATHS = (
					"$(SDKROOT)/Developer/Library/Frameworks",
					"$(inherited)",
				);
				INFOPLIST_FILE = YiRefreshTests/Info.plist;
				LD_RUNPATH_SEARCH_PATHS = "$(inherited) @executable_path/Frameworks @loader_path/Frameworks";
				PRODUCT_NAME = "$(TARGET_NAME)";
				TEST_HOST = "$(BUILT_PRODUCTS_DIR)/YiRefresh.app/YiRefresh";
			};
			name = Release;
		};
/* End XCBuildConfiguration section */

/* Begin XCConfigurationList section */
		A157020D1AA88D3D00AAC433 /* Build configuration list for PBXProject "YiRefresh" */ = {
			isa = XCConfigurationList;
			buildConfigurations = (
				A15702331AA88D3D00AAC433 /* Debug */,
				A15702341AA88D3D00AAC433 /* Release */,
			);
			defaultConfigurationIsVisible = 0;
			defaultConfigurationName = Release;
		};
		A15702351AA88D3D00AAC433 /* Build configuration list for PBXNativeTarget "YiRefresh" */ = {
			isa = XCConfigurationList;
			buildConfigurations = (
				A15702361AA88D3D00AAC433 /* Debug */,
				A15702371AA88D3D00AAC433 /* Release */,
			);
			defaultConfigurationIsVisible = 0;
			defaultConfigurationName = Release;
		};
		A15702381AA88D3D00AAC433 /* Build configuration list for PBXNativeTarget "YiRefreshTests" */ = {
			isa = XCConfigurationList;
			buildConfigurations = (
				A15702391AA88D3D00AAC433 /* Debug */,
				A157023A1AA88D3D00AAC433 /* Release */,
			);
			defaultConfigurationIsVisible = 0;
			defaultConfigurationName = Release;
		};
/* End XCConfigurationList section */
	};
	rootObject = A157020A1AA88D3D00AAC433 /* Project object */;
}
